
Microsoft Visual Studio Solution File, Format Version 12.00
# Visual Studio 2013
VisualStudioVersion = 12.0.40629.0
MinimumVisualStudioVersion = 10.0.40219.1
Project("{8BC9CEB8-8B4A-11D0-8D11-00A0C91BC942}") = "H1.4", "H1.4\H1.4.vcxproj", "{2BC4053B-EDBA-4A6C-8779-377FBB92FFC4}"
EndProject
Global
	GlobalSection(SolutionConfigurationPlatforms) = preSolution
		Debug|Win32 = Debug|Win32
		Release|Win32 = Release|Win32
	EndGlobalSection
	GlobalSection(ProjectConfigurationPlatforms) = postSolution
		{2BC4053B-EDBA-4A6C-8779-377FBB92FFC4}.Debug|Win32.ActiveCfg = Debug|Win32
		{2BC4053B-EDBA-4A6C-8779-377FBB92FFC4}.Debug|Win32.Build.0 = Debug|Win32
		{2BC4053B-EDBA-4A6C-8779-377FBB92FFC4}.Release|Win32.ActiveCfg = Release|Win32
		{2BC4053B-EDBA-4A6C-8779-377FBB92FFC4}.Release|Win32.Build.0 = Release|Win32
	EndGlobalSection
	GlobalSection(SolutionProperties) = preSolution
		HideSolutionNode = FALSE
	EndGlobalSection
EndGlobal
