
Microsoft Visual Studio Solution File, Format Version 12.00
# Visual Studio 2012
Project("{8BC9CEB8-8B4A-11D0-8D11-00A0C91BC942}") = "DLL", "DLL\DLL.vcxproj", "{8E9F46BE-5CE0-4104-AE1B-DC0CA72A4036}"
EndProject
Project("{8BC9CEB8-8B4A-11D0-8D11-00A0C91BC942}") = "TestDLL", "TestDLL\TestDLL.vcxproj", "{5DBEEC37-ECE2-4132-9825-8B53A5DF6F58}"
EndProject
Global
	GlobalSection(SolutionConfigurationPlatforms) = preSolution
		Debug|Win32 = Debug|Win32
		Release|Win32 = Release|Win32
	EndGlobalSection
	GlobalSection(ProjectConfigurationPlatforms) = postSolution
		{8E9F46BE-5CE0-4104-AE1B-DC0CA72A4036}.Debug|Win32.ActiveCfg = Debug|Win32
		{8E9F46BE-5CE0-4104-AE1B-DC0CA72A4036}.Debug|Win32.Build.0 = Debug|Win32
		{8E9F46BE-5CE0-4104-AE1B-DC0CA72A4036}.Release|Win32.ActiveCfg = Release|Win32
		{8E9F46BE-5CE0-4104-AE1B-DC0CA72A4036}.Release|Win32.Build.0 = Release|Win32
		{5DBEEC37-ECE2-4132-9825-8B53A5DF6F58}.Debug|Win32.ActiveCfg = Debug|Win32
		{5DBEEC37-ECE2-4132-9825-8B53A5DF6F58}.Debug|Win32.Build.0 = Debug|Win32
		{5DBEEC37-ECE2-4132-9825-8B53A5DF6F58}.Release|Win32.ActiveCfg = Release|Win32
		{5DBEEC37-ECE2-4132-9825-8B53A5DF6F58}.Release|Win32.Build.0 = Release|Win32
	EndGlobalSection
	GlobalSection(SolutionProperties) = preSolution
		HideSolutionNode = FALSE
	EndGlobalSection
EndGlobal
